
Microsoft Visual Studio Solution File, Format Version 11.00
# Visual Studio 2010
Project("{FAE04EC0-301F-11D3-BF4B-00C04F79EFBC}") = "LeTai.TranslucentImage", "LeTai.TranslucentImage.csproj", "{8ce97705-0c43-0ebf-af9e-7cc08f343fe8}"
EndProject
Project("{FAE04EC0-301F-11D3-BF4B-00C04F79EFBC}") = "LeTai.TranslucentImage.Demo", "LeTai.TranslucentImage.Demo.csproj", "{1a5b6f41-83bf-88a4-6301-78bd0746fda4}"
EndProject
Project("{FAE04EC0-301F-11D3-BF4B-00C04F79EFBC}") = "Assembly-CSharp", "Assembly-CSharp.csproj", "{62f9ef49-84e6-1247-a0cc-83e7253c966e}"
EndProject
Project("{FAE04EC0-301F-11D3-BF4B-00C04F79EFBC}") = "LeTai.TranslucentImage.Editor", "LeTai.TranslucentImage.Editor.csproj", "{f60a1f15-e71b-7ddb-239c-06c506ffc7a4}"
EndProject
Project("{FAE04EC0-301F-11D3-BF4B-00C04F79EFBC}") = "Assembly-CSharp-Editor", "Assembly-CSharp-Editor.csproj", "{a501315e-b5bd-1f9f-a79f-3f72e4358f7f}"
EndProject
Global
	GlobalSection(SolutionConfigurationPlatforms) = preSolution
		Debug|Any CPU = Debug|Any CPU
	EndGlobalSection
	GlobalSection(ProjectConfigurationPlatforms) = postSolution
		{8ce97705-0c43-0ebf-af9e-7cc08f343fe8}.Debug|Any CPU.ActiveCfg = Debug|Any CPU
		{8ce97705-0c43-0ebf-af9e-7cc08f343fe8}.Debug|Any CPU.Build.0 = Debug|Any CPU
		{1a5b6f41-83bf-88a4-6301-78bd0746fda4}.Debug|Any CPU.ActiveCfg = Debug|Any CPU
		{1a5b6f41-83bf-88a4-6301-78bd0746fda4}.Debug|Any CPU.Build.0 = Debug|Any CPU
		{62f9ef49-84e6-1247-a0cc-83e7253c966e}.Debug|Any CPU.ActiveCfg = Debug|Any CPU
		{62f9ef49-84e6-1247-a0cc-83e7253c966e}.Debug|Any CPU.Build.0 = Debug|Any CPU
		{f60a1f15-e71b-7ddb-239c-06c506ffc7a4}.Debug|Any CPU.ActiveCfg = Debug|Any CPU
		{f60a1f15-e71b-7ddb-239c-06c506ffc7a4}.Debug|Any CPU.Build.0 = Debug|Any CPU
		{a501315e-b5bd-1f9f-a79f-3f72e4358f7f}.Debug|Any CPU.ActiveCfg = Debug|Any CPU
		{a501315e-b5bd-1f9f-a79f-3f72e4358f7f}.Debug|Any CPU.Build.0 = Debug|Any CPU
	EndGlobalSection
	GlobalSection(SolutionProperties) = preSolution
		HideSolutionNode = FALSE
	EndGlobalSection
EndGlobal
